
Microsoft Visual Studio Solution File, Format Version 12.00
# Visual Studio Version 16
VisualStudioVersion = 16.0.29411.108
MinimumVisualStudioVersion = 10.0.40219.1
Project("{9A19103F-16F7-4668-BE54-9A1E7A4F7556}") = "LightBlue", "LightBlue\LightBlue.csproj", "{812DAB96-1681-4F05-9A06-859291962F5C}"
EndProject
Project("{9A19103F-16F7-4668-BE54-9A1E7A4F7556}") = "LightBlue.Autofac", "LightBlue.Autofac\LightBlue.Autofac.csproj", "{15D49204-5C94-4C60-80A5-2EC4B3F1CDF7}"
EndProject
Project("{9A19103F-16F7-4668-BE54-9A1E7A4F7556}") = "LightBlue.Host.Stub", "LightBlue.Host.Stub\LightBlue.Host.Stub.csproj", "{233E3017-093D-46BE-8BFC-88F20A9C98EE}"
EndProject
Project("{9A19103F-16F7-4668-BE54-9A1E7A4F7556}") = "LightBlue.Testability", "LightBlue.Testability\LightBlue.Testability.csproj", "{0341F42B-8EC2-4B5B-A843-78B30BA594E9}"
EndProject
Project("{9A19103F-16F7-4668-BE54-9A1E7A4F7556}") = "LightBlue.Tests", "LightBlue.Tests\LightBlue.Tests.csproj", "{E06865A7-020C-4EEB-9ADA-AB7BBD3B34AE}"
EndProject
Project("{9A19103F-16F7-4668-BE54-9A1E7A4F7556}") = "LightBlue.WebHost", "LightBlue.WebHost\LightBlue.WebHost.csproj", "{B74BF7FA-68E2-445F-95E4-664C7E4DC366}"
EndProject
Project("{9A19103F-16F7-4668-BE54-9A1E7A4F7556}") = "LightBlue.WebService", "LightBlue.WebService\LightBlue.WebService.csproj", "{A91721BA-6B84-41B1-9A6F-18396ABC4BC3}"
EndProject
Project("{9A19103F-16F7-4668-BE54-9A1E7A4F7556}") = "LightBlue.Windsor", "LightBlue.Windsor\LightBlue.Windsor.csproj", "{113A1879-2F36-4183-B7D4-21F866F89D6C}"
EndProject
Project("{9A19103F-16F7-4668-BE54-9A1E7A4F7556}") = "LightBlue.WorkerService", "LightBlue.WorkerService\LightBlue.WorkerService.csproj", "{36919040-8858-4B0A-A60D-09894716C78E}"
EndProject
Project("{9A19103F-16F7-4668-BE54-9A1E7A4F7556}") = "LightBlue.Host", "LightBlue.Host\LightBlue.Host.csproj", "{19405F20-092E-4E02-8ECC-5EB59523EDC4}"
EndProject
Project("{FAE04EC0-301F-11D3-BF4B-00C04F79EFBC}") = "LightBlue.MultiHost", "LightBlue.MultiHost\LightBlue.MultiHost.csproj", "{6E7F42E9-AD84-499E-B349-B67980AB044C}"
EndProject
Global
	GlobalSection(SolutionConfigurationPlatforms) = preSolution
		Debug|Any CPU = Debug|Any CPU
		Release|Any CPU = Release|Any CPU
	EndGlobalSection
	GlobalSection(ProjectConfigurationPlatforms) = postSolution
		{812DAB96-1681-4F05-9A06-859291962F5C}.Debug|Any CPU.ActiveCfg = Debug|Any CPU
		{812DAB96-1681-4F05-9A06-859291962F5C}.Debug|Any CPU.Build.0 = Debug|Any CPU
		{812DAB96-1681-4F05-9A06-859291962F5C}.Release|Any CPU.ActiveCfg = Release|Any CPU
		{812DAB96-1681-4F05-9A06-859291962F5C}.Release|Any CPU.Build.0 = Release|Any CPU
		{15D49204-5C94-4C60-80A5-2EC4B3F1CDF7}.Debug|Any CPU.ActiveCfg = Debug|Any CPU
		{15D49204-5C94-4C60-80A5-2EC4B3F1CDF7}.Debug|Any CPU.Build.0 = Debug|Any CPU
		{15D49204-5C94-4C60-80A5-2EC4B3F1CDF7}.Release|Any CPU.ActiveCfg = Release|Any CPU
		{15D49204-5C94-4C60-80A5-2EC4B3F1CDF7}.Release|Any CPU.Build.0 = Release|Any CPU
		{233E3017-093D-46BE-8BFC-88F20A9C98EE}.Debug|Any CPU.ActiveCfg = Debug|Any CPU
		{233E3017-093D-46BE-8BFC-88F20A9C98EE}.Debug|Any CPU.Build.0 = Debug|Any CPU
		{233E3017-093D-46BE-8BFC-88F20A9C98EE}.Release|Any CPU.ActiveCfg = Release|Any CPU
		{233E3017-093D-46BE-8BFC-88F20A9C98EE}.Release|Any CPU.Build.0 = Release|Any CPU
		{0341F42B-8EC2-4B5B-A843-78B30BA594E9}.Debug|Any CPU.ActiveCfg = Debug|Any CPU
		{0341F42B-8EC2-4B5B-A843-78B30BA594E9}.Debug|Any CPU.Build.0 = Debug|Any CPU
		{0341F42B-8EC2-4B5B-A843-78B30BA594E9}.Release|Any CPU.ActiveCfg = Release|Any CPU
		{0341F42B-8EC2-4B5B-A843-78B30BA594E9}.Release|Any CPU.Build.0 = Release|Any CPU
		{E06865A7-020C-4EEB-9ADA-AB7BBD3B34AE}.Debug|Any CPU.ActiveCfg = Debug|Any CPU
		{E06865A7-020C-4EEB-9ADA-AB7BBD3B34AE}.Debug|Any CPU.Build.0 = Debug|Any CPU
		{E06865A7-020C-4EEB-9ADA-AB7BBD3B34AE}.Release|Any CPU.ActiveCfg = Release|Any CPU
		{E06865A7-020C-4EEB-9ADA-AB7BBD3B34AE}.Release|Any CPU.Build.0 = Release|Any CPU
		{B74BF7FA-68E2-445F-95E4-664C7E4DC366}.Debug|Any CPU.ActiveCfg = Debug|Any CPU
		{B74BF7FA-68E2-445F-95E4-664C7E4DC366}.Debug|Any CPU.Build.0 = Debug|Any CPU
		{B74BF7FA-68E2-445F-95E4-664C7E4DC366}.Release|Any CPU.ActiveCfg = Release|Any CPU
		{B74BF7FA-68E2-445F-95E4-664C7E4DC366}.Release|Any CPU.Build.0 = Release|Any CPU
		{A91721BA-6B84-41B1-9A6F-18396ABC4BC3}.Debug|Any CPU.ActiveCfg = Debug|Any CPU
		{A91721BA-6B84-41B1-9A6F-18396ABC4BC3}.Debug|Any CPU.Build.0 = Debug|Any CPU
		{A91721BA-6B84-41B1-9A6F-18396ABC4BC3}.Release|Any CPU.ActiveCfg = Release|Any CPU
		{A91721BA-6B84-41B1-9A6F-18396ABC4BC3}.Release|Any CPU.Build.0 = Release|Any CPU
		{113A1879-2F36-4183-B7D4-21F866F89D6C}.Debug|Any CPU.ActiveCfg = Debug|Any CPU
		{113A1879-2F36-4183-B7D4-21F866F89D6C}.Debug|Any CPU.Build.0 = Debug|Any CPU
		{113A1879-2F36-4183-B7D4-21F866F89D6C}.Release|Any CPU.ActiveCfg = Release|Any CPU
		{113A1879-2F36-4183-B7D4-21F866F89D6C}.Release|Any CPU.Build.0 = Release|Any CPU
		{36919040-8858-4B0A-A60D-09894716C78E}.Debug|Any CPU.ActiveCfg = Debug|Any CPU
		{36919040-8858-4B0A-A60D-09894716C78E}.Debug|Any CPU.Build.0 = Debug|Any CPU
		{36919040-8858-4B0A-A60D-09894716C78E}.Release|Any CPU.ActiveCfg = Release|Any CPU
		{36919040-8858-4B0A-A60D-09894716C78E}.Release|Any CPU.Build.0 = Release|Any CPU
		{19405F20-092E-4E02-8ECC-5EB59523EDC4}.Debug|Any CPU.ActiveCfg = Debug|Any CPU
		{19405F20-092E-4E02-8ECC-5EB59523EDC4}.Debug|Any CPU.Build.0 = Debug|Any CPU
		{19405F20-092E-4E02-8ECC-5EB59523EDC4}.Release|Any CPU.ActiveCfg = Release|Any CPU
		{19405F20-092E-4E02-8ECC-5EB59523EDC4}.Release|Any CPU.Build.0 = Release|Any CPU
		{6E7F42E9-AD84-499E-B349-B67980AB044C}.Debug|Any CPU.ActiveCfg = Debug|Any CPU
		{6E7F42E9-AD84-499E-B349-B67980AB044C}.Debug|Any CPU.Build.0 = Debug|Any CPU
		{6E7F42E9-AD84-499E-B349-B67980AB044C}.Release|Any CPU.ActiveCfg = Release|Any CPU
		{6E7F42E9-AD84-499E-B349-B67980AB044C}.Release|Any CPU.Build.0 = Release|Any CPU
	EndGlobalSection
	GlobalSection(SolutionProperties) = preSolution
		HideSolutionNode = FALSE
	EndGlobalSection
	GlobalSection(ExtensibilityGlobals) = postSolution
		SolutionGuid = {7C8F4289-0519-438B-A8C0-CF7C83A9C6C2}
	EndGlobalSection
EndGlobal
